// !$*UTF8*$!
{
	archiveVersion = 1;
	classes = {
	};
	objectVersion = 50;
	objects = {

/* Begin PBXBuildFile section */
		1736EFDA23687394007A2B88 /* AppDelegate.swift in Sources */ = {isa = PBXBuildFile; fileRef = 1736EFD923687394007A2B88 /* AppDelegate.swift */; };
		1736EFDC23687394007A2B88 /* SceneDelegate.swift in Sources */ = {isa = PBXBuildFile; fileRef = 1736EFDB23687394007A2B88 /* SceneDelegate.swift */; };
		1736EFDE23687394007A2B88 /* ContentView.swift in Sources */ = {isa = PBXBuildFile; fileRef = 1736EFDD23687394007A2B88 /* ContentView.swift */; };
		1736EFE023687394007A2B88 /* Assets.xcassets in Resources */ = {isa = PBXBuildFile; fileRef = 1736EFDF23687394007A2B88 /* Assets.xcassets */; };
		1736EFE323687394007A2B88 /* Preview Assets.xcassets in Resources */ = {isa = PBXBuildFile; fileRef = 1736EFE223687394007A2B88 /* Preview Assets.xcassets */; };
		1736EFE623687394007A2B88 /* LaunchScreen.storyboard in Resources */ = {isa = PBXBuildFile; fileRef = 1736EFE423687394007A2B88 /* LaunchScreen.storyboard */; };
		1736EFF123687394007A2B88 /* receitas_jacquenanTests.swift in Sources */ = {isa = PBXBuildFile; fileRef = 1736EFF023687394007A2B88 /* receitas_jacquenanTests.swift */; };
		1736EFFC23687395007A2B88 /* receitas_jacquenanUITests.swift in Sources */ = {isa = PBXBuildFile; fileRef = 1736EFFB23687395007A2B88 /* receitas_jacquenanUITests.swift */; };
		22310B193F7E8BDAD60F0CE8 /* Pods_receitas_jacquenan_receitas_jacquenanUITests.framework in Frameworks */ = {isa = PBXBuildFile; fileRef = 3D5A6DCEA9715FC6FE90F0D1 /* Pods_receitas_jacquenan_receitas_jacquenanUITests.framework */; };
		51B6EBB7F2888FC6DF89E590 /* Pods_receitas_jacquenan.framework in Frameworks */ = {isa = PBXBuildFile; fileRef = BAD6551345B5B7C5D6596353 /* Pods_receitas_jacquenan.framework */; };
		AE89786BFF8F939491B1111D /* Pods_receitas_jacquenanTests.framework in Frameworks */ = {isa = PBXBuildFile; fileRef = 498518D56F71ABDF2CC143BF /* Pods_receitas_jacquenanTests.framework */; };
/* End PBXBuildFile section */

/* Begin PBXContainerItemProxy section */
		1736EFED23687394007A2B88 /* PBXContainerItemProxy */ = {
			isa = PBXContainerItemProxy;
			containerPortal = 1736EFCE23687394007A2B88 /* Project object */;
			proxyType = 1;
			remoteGlobalIDString = 1736EFD523687394007A2B88;
			remoteInfo = "receitas-jacquenan";
		};
		1736EFF823687394007A2B88 /* PBXContainerItemProxy */ = {
			isa = PBXContainerItemProxy;
			containerPortal = 1736EFCE23687394007A2B88 /* Project object */;
			proxyType = 1;
			remoteGlobalIDString = 1736EFD523687394007A2B88;
			remoteInfo = "receitas-jacquenan";
		};
/* End PBXContainerItemProxy section */

/* Begin PBXFileReference section */
		1736EFD623687394007A2B88 /* receitas-jacquenan.app */ = {isa = PBXFileReference; explicitFileType = wrapper.application; includeInIndex = 0; path = "receitas-jacquenan.app"; sourceTree = BUILT_PRODUCTS_DIR; };
		1736EFD923687394007A2B88 /* AppDelegate.swift */ = {isa = PBXFileReference; lastKnownFileType = sourcecode.swift; path = AppDelegate.swift; sourceTree = "<group>"; };
		1736EFDB23687394007A2B88 /* SceneDelegate.swift */ = {isa = PBXFileReference; lastKnownFileType = sourcecode.swift; path = SceneDelegate.swift; sourceTree = "<group>"; };
		1736EFDD23687394007A2B88 /* ContentView.swift */ = {isa = PBXFileReference; lastKnownFileType = sourcecode.swift; path = ContentView.swift; sourceTree = "<group>"; };
		1736EFDF23687394007A2B88 /* Assets.xcassets */ = {isa = PBXFileReference; lastKnownFileType = folder.assetcatalog; path = Assets.xcassets; sourceTree = "<group>"; };
		1736EFE223687394007A2B88 /* Preview Assets.xcassets */ = {isa = PBXFileReference; lastKnownFileType = folder.assetcatalog; path = "Preview Assets.xcassets"; sourceTree = "<group>"; };
		1736EFE523687394007A2B88 /* Base */ = {isa = PBXFileReference; lastKnownFileType = file.storyboard; name = Base; path = Base.lproj/LaunchScreen.storyboard; sourceTree = "<group>"; };
		1736EFE723687394007A2B88 /* Info.plist */ = {isa = PBXFileReference; lastKnownFileType = text.plist.xml; path = Info.plist; sourceTree = "<group>"; };
		1736EFEC23687394007A2B88 /* receitas-jacquenanTests.xctest */ = {isa = PBXFileReference; explicitFileType = wrapper.cfbundle; includeInIndex = 0; path = "receitas-jacquenanTests.xctest"; sourceTree = BUILT_PRODUCTS_DIR; };
		1736EFF023687394007A2B88 /* receitas_jacquenanTests.swift */ = {isa = PBXFileReference; lastKnownFileType = sourcecode.swift; path = receitas_jacquenanTests.swift; sourceTree = "<group>"; };
		1736EFF223687394007A2B88 /* Info.plist */ = {isa = PBXFileReference; lastKnownFileType = text.plist.xml; path = Info.plist; sourceTree = "<group>"; };
		1736EFF723687394007A2B88 /* receitas-jacquenanUITests.xctest */ = {isa = PBXFileReference; explicitFileType = wrapper.cfbundle; includeInIndex = 0; path = "receitas-jacquenanUITests.xctest"; sourceTree = BUILT_PRODUCTS_DIR; };
		1736EFFB23687395007A2B88 /* receitas_jacquenanUITests.swift */ = {isa = PBXFileReference; lastKnownFileType = sourcecode.swift; path = receitas_jacquenanUITests.swift; sourceTree = "<group>"; };
		1736EFFD23687395007A2B88 /* Info.plist */ = {isa = PBXFileReference; lastKnownFileType = text.plist.xml; path = Info.plist; sourceTree = "<group>"; };
		247EC5F366D649BFA0AB32F2 /* Pods-receitas-jacquenanTests.release.xcconfig */ = {isa = PBXFileReference; includeInIndex = 1; lastKnownFileType = text.xcconfig; name = "Pods-receitas-jacquenanTests.release.xcconfig"; path = "Target Support Files/Pods-receitas-jacquenanTests/Pods-receitas-jacquenanTests.release.xcconfig"; sourceTree = "<group>"; };
		248E28559E102DD49BB9715B /* Pods-receitas-jacquenan.release.xcconfig */ = {isa = PBXFileReference; includeInIndex = 1; lastKnownFileType = text.xcconfig; name = "Pods-receitas-jacquenan.release.xcconfig"; path = "Target Support Files/Pods-receitas-jacquenan/Pods-receitas-jacquenan.release.xcconfig"; sourceTree = "<group>"; };
		3D5A6DCEA9715FC6FE90F0D1 /* Pods_receitas_jacquenan_receitas_jacquenanUITests.framework */ = {isa = PBXFileReference; explicitFileType = wrapper.framework; includeInIndex = 0; path = Pods_receitas_jacquenan_receitas_jacquenanUITests.framework; sourceTree = BUILT_PRODUCTS_DIR; };
		467AE5B3D4B2FB4F12E98B1C /* Pods-receitas-jacquenan-receitas-jacquenanUITests.release.xcconfig */ = {isa = PBXFileReference; includeInIndex = 1; lastKnownFileType = text.xcconfig; name = "Pods-receitas-jacquenan-receitas-jacquenanUITests.release.xcconfig"; path = "Target Support Files/Pods-receitas-jacquenan-receitas-jacquenanUITests/Pods-receitas-jacquenan-receitas-jacquenanUITests.release.xcconfig"; sourceTree = "<group>"; };
		498518D56F71ABDF2CC143BF /* Pods_receitas_jacquenanTests.framework */ = {isa = PBXFileReference; explicitFileType = wrapper.framework; includeInIndex = 0; path = Pods_receitas_jacquenanTests.framework; sourceTree = BUILT_PRODUCTS_DIR; };
		4EB704C6D13C860D60E613D9 /* Pods-receitas-jacquenan.debug.xcconfig */ = {isa = PBXFileReference; includeInIndex = 1; lastKnownFileType = text.xcconfig; name = "Pods-receitas-jacquenan.debug.xcconfig"; path = "Target Support Files/Pods-receitas-jacquenan/Pods-receitas-jacquenan.debug.xcconfig"; sourceTree = "<group>"; };
		A827672ABD477458F3FF4CB7 /* Pods-receitas-jacquenanTests.debug.xcconfig */ = {isa = PBXFileReference; includeInIndex = 1; lastKnownFileType = text.xcconfig; name = "Pods-receitas-jacquenanTests.debug.xcconfig"; path = "Target Support Files/Pods-receitas-jacquenanTests/Pods-receitas-jacquenanTests.debug.xcconfig"; sourceTree = "<group>"; };
		BAD6551345B5B7C5D6596353 /* Pods_receitas_jacquenan.framework */ = {isa = PBXFileReference; explicitFileType = wrapper.framework; includeInIndex = 0; path = Pods_receitas_jacquenan.framework; sourceTree = BUILT_PRODUCTS_DIR; };
		BF138A9348F08EE13D6DEFFE /* Pods-receitas-jacquenan-receitas-jacquenanUITests.debug.xcconfig */ = {isa = PBXFileReference; includeInIndex = 1; lastKnownFileType = text.xcconfig; name = "Pods-receitas-jacquenan-receitas-jacquenanUITests.debug.xcconfig"; path = "Target Support Files/Pods-receitas-jacquenan-receitas-jacquenanUITests/Pods-receitas-jacquenan-receitas-jacquenanUITests.debug.xcconfig"; sourceTree = "<group>"; };
/* End PBXFileReference section */

/* Begin PBXFrameworksBuildPhase section */
		1736EFD323687394007A2B88 /* Frameworks */ = {
			isa = PBXFrameworksBuildPhase;
			buildActionMask = 2147483647;
			files = (
				51B6EBB7F2888FC6DF89E590 /* Pods_receitas_jacquenan.framework in Frameworks */,
			);
			runOnlyForDeploymentPostprocessing = 0;
		};
		1736EFE923687394007A2B88 /* Frameworks */ = {
			isa = PBXFrameworksBuildPhase;
			buildActionMask = 2147483647;
			files = (
				AE89786BFF8F939491B1111D /* Pods_receitas_jacquenanTests.framework in Frameworks */,
			);
			runOnlyForDeploymentPostprocessing = 0;
		};
		1736EFF423687394007A2B88 /* Frameworks */ = {
			isa = PBXFrameworksBuildPhase;
			buildActionMask = 2147483647;
			files = (
				22310B193F7E8BDAD60F0CE8 /* Pods_receitas_jacquenan_receitas_jacquenanUITests.framework in Frameworks */,
			);
			runOnlyForDeploymentPostprocessing = 0;
		};
/* End PBXFrameworksBuildPhase section */

/* Begin PBXGroup section */
		1736EFCD23687394007A2B88 = {
			isa = PBXGroup;
			children = (
				1736EFD823687394007A2B88 /* receitas-jacquenan */,
				1736EFEF23687394007A2B88 /* receitas-jacquenanTests */,
				1736EFFA23687394007A2B88 /* receitas-jacquenanUITests */,
				1736EFD723687394007A2B88 /* Products */,
				CAA09D7E35EC9AE125A9FD3D /* Pods */,
				B5582B01C97F44CC2308860D /* Frameworks */,
			);
			sourceTree = "<group>";
		};
		1736EFD723687394007A2B88 /* Products */ = {
			isa = PBXGroup;
			children = (
				1736EFD623687394007A2B88 /* receitas-jacquenan.app */,
				1736EFEC23687394007A2B88 /* receitas-jacquenanTests.xctest */,
				1736EFF723687394007A2B88 /* receitas-jacquenanUITests.xctest */,
			);
			name = Products;
			sourceTree = "<group>";
		};
		1736EFD823687394007A2B88 /* receitas-jacquenan */ = {
			isa = PBXGroup;
			children = (
				1736EFD923687394007A2B88 /* AppDelegate.swift */,
				1736EFDB23687394007A2B88 /* SceneDelegate.swift */,
				1736EFDD23687394007A2B88 /* ContentView.swift */,
				1736EFDF23687394007A2B88 /* Assets.xcassets */,
				1736EFE423687394007A2B88 /* LaunchScreen.storyboard */,
				1736EFE723687394007A2B88 /* Info.plist */,
				1736EFE123687394007A2B88 /* Preview Content */,
			);
			path = "receitas-jacquenan";
			sourceTree = "<group>";
		};
		1736EFE123687394007A2B88 /* Preview Content */ = {
			isa = PBXGroup;
			children = (
				1736EFE223687394007A2B88 /* Preview Assets.xcassets */,
			);
			path = "Preview Content";
			sourceTree = "<group>";
		};
		1736EFEF23687394007A2B88 /* receitas-jacquenanTests */ = {
			isa = PBXGroup;
			children = (
				1736EFF023687394007A2B88 /* receitas_jacquenanTests.swift */,
				1736EFF223687394007A2B88 /* Info.plist */,
			);
			path = "receitas-jacquenanTests";
			sourceTree = "<group>";
		};
		1736EFFA23687394007A2B88 /* receitas-jacquenanUITests */ = {
			isa = PBXGroup;
			children = (
				1736EFFB23687395007A2B88 /* receitas_jacquenanUITests.swift */,
				1736EFFD23687395007A2B88 /* Info.plist */,
			);
			path = "receitas-jacquenanUITests";
			sourceTree = "<group>";
		};
		B5582B01C97F44CC2308860D /* Frameworks */ = {
			isa = PBXGroup;
			children = (
				BAD6551345B5B7C5D6596353 /* Pods_receitas_jacquenan.framework */,
				3D5A6DCEA9715FC6FE90F0D1 /* Pods_receitas_jacquenan_receitas_jacquenanUITests.framework */,
				498518D56F71ABDF2CC143BF /* Pods_receitas_jacquenanTests.framework */,
			);
			name = Frameworks;
			sourceTree = "<group>";
		};
		CAA09D7E35EC9AE125A9FD3D /* Pods */ = {
			isa = PBXGroup;
			children = (
				4EB704C6D13C860D60E613D9 /* Pods-receitas-jacquenan.debug.xcconfig */,
				248E28559E102DD49BB9715B /* Pods-receitas-jacquenan.release.xcconfig */,
				BF138A9348F08EE13D6DEFFE /* Pods-receitas-jacquenan-receitas-jacquenanUITests.debug.xcconfig */,
				467AE5B3D4B2FB4F12E98B1C /* Pods-receitas-jacquenan-receitas-jacquenanUITests.release.xcconfig */,
				A827672ABD477458F3FF4CB7 /* Pods-receitas-jacquenanTests.debug.xcconfig */,
				247EC5F366D649BFA0AB32F2 /* Pods-receitas-jacquenanTests.release.xcconfig */,
			);
			path = Pods;
			sourceTree = "<group>";
		};
/* End PBXGroup section */

/* Begin PBXNativeTarget section */
		1736EFD523687394007A2B88 /* receitas-jacquenan */ = {
			isa = PBXNativeTarget;
			buildConfigurationList = 1736F00023687395007A2B88 /* Build configuration list for PBXNativeTarget "receitas-jacquenan" */;
			buildPhases = (
				34FF127AFAFB062392611DC2 /* [CP] Check Pods Manifest.lock */,
				1736EFD223687394007A2B88 /* Sources */,
				1736EFD323687394007A2B88 /* Frameworks */,
				1736EFD423687394007A2B88 /* Resources */,
				1736F0092368746E007A2B88 /* SwiftLint */,
			);
			buildRules = (
			);
			dependencies = (
			);
			name = "receitas-jacquenan";
			productName = "receitas-jacquenan";
			productReference = 1736EFD623687394007A2B88 /* receitas-jacquenan.app */;
			productType = "com.apple.product-type.application";
		};
		1736EFEB23687394007A2B88 /* receitas-jacquenanTests */ = {
			isa = PBXNativeTarget;
			buildConfigurationList = 1736F00323687395007A2B88 /* Build configuration list for PBXNativeTarget "receitas-jacquenanTests" */;
			buildPhases = (
				090FDD114F11CD7FE98A657C /* [CP] Check Pods Manifest.lock */,
				1736EFE823687394007A2B88 /* Sources */,
				1736EFE923687394007A2B88 /* Frameworks */,
				1736EFEA23687394007A2B88 /* Resources */,
			);
			buildRules = (
			);
			dependencies = (
				1736EFEE23687394007A2B88 /* PBXTargetDependency */,
			);
			name = "receitas-jacquenanTests";
			productName = "receitas-jacquenanTests";
			productReference = 1736EFEC23687394007A2B88 /* receitas-jacquenanTests.xctest */;
			productType = "com.apple.product-type.bundle.unit-test";
		};
		1736EFF623687394007A2B88 /* receitas-jacquenanUITests */ = {
			isa = PBXNativeTarget;
			buildConfigurationList = 1736F00623687395007A2B88 /* Build configuration list for PBXNativeTarget "receitas-jacquenanUITests" */;
			buildPhases = (
				C5943DADC47517CFAB3157BA /* [CP] Check Pods Manifest.lock */,
				1736EFF323687394007A2B88 /* Sources */,
				1736EFF423687394007A2B88 /* Frameworks */,
				1736EFF523687394007A2B88 /* Resources */,
			);
			buildRules = (
			);
			dependencies = (
				1736EFF923687394007A2B88 /* PBXTargetDependency */,
			);
			name = "receitas-jacquenanUITests";
			productName = "receitas-jacquenanUITests";
			productReference = 1736EFF723687394007A2B88 /* receitas-jacquenanUITests.xctest */;
			productType = "com.apple.product-type.bundle.ui-testing";
		};
/* End PBXNativeTarget section */

/* Begin PBXProject section */
		1736EFCE23687394007A2B88 /* Project object */ = {
			isa = PBXProject;
			attributes = {
				LastSwiftUpdateCheck = 1100;
				LastUpgradeCheck = 1100;
				ORGANIZATIONNAME = jacquenan;
				TargetAttributes = {
					1736EFD523687394007A2B88 = {
						CreatedOnToolsVersion = 11.0;
					};
					1736EFEB23687394007A2B88 = {
						CreatedOnToolsVersion = 11.0;
						TestTargetID = 1736EFD523687394007A2B88;
					};
					1736EFF623687394007A2B88 = {
						CreatedOnToolsVersion = 11.0;
						TestTargetID = 1736EFD523687394007A2B88;
					};
				};
			};
			buildConfigurationList = 1736EFD123687394007A2B88 /* Build configuration list for PBXProject "receitas-jacquenan" */;
			compatibilityVersion = "Xcode 9.3";
			developmentRegion = en;
			hasScannedForEncodings = 0;
			knownRegions = (
				en,
				Base,
			);
			mainGroup = 1736EFCD23687394007A2B88;
			productRefGroup = 1736EFD723687394007A2B88 /* Products */;
			projectDirPath = "";
			projectRoot = "";
			targets = (
				1736EFD523687394007A2B88 /* receitas-jacquenan */,
				1736EFEB23687394007A2B88 /* receitas-jacquenanTests */,
				1736EFF623687394007A2B88 /* receitas-jacquenanUITests */,
			);
		};
/* End PBXProject section */

/* Begin PBXResourcesBuildPhase section */
		1736EFD423687394007A2B88 /* Resources */ = {
			isa = PBXResourcesBuildPhase;
			buildActionMask = 2147483647;
			files = (
				1736EFE623687394007A2B88 /* LaunchScreen.storyboard in Resources */,
				1736EFE323687394007A2B88 /* Preview Assets.xcassets in Resources */,
				1736EFE023687394007A2B88 /* Assets.xcassets in Resources */,
			);
			runOnlyForDeploymentPostprocessing = 0;
		};
		1736EFEA23687394007A2B88 /* Resources */ = {
			isa = PBXResourcesBuildPhase;
			buildActionMask = 2147483647;
			files = (
			);
			runOnlyForDeploymentPostprocessing = 0;
		};
		1736EFF523687394007A2B88 /* Resources */ = {
			isa = PBXResourcesBuildPhase;
			buildActionMask = 2147483647;
			files = (
			);
			runOnlyForDeploymentPostprocessing = 0;
		};
/* End PBXResourcesBuildPhase section */

/* Begin PBXShellScriptBuildPhase section */
		090FDD114F11CD7FE98A657C /* [CP] Check Pods Manifest.lock */ = {
			isa = PBXShellScriptBuildPhase;
			buildActionMask = 2147483647;
			files = (
			);
			inputFileListPaths = (
			);
			inputPaths = (
				"${PODS_PODFILE_DIR_PATH}/Podfile.lock",
				"${PODS_ROOT}/Manifest.lock",
			);
			name = "[CP] Check Pods Manifest.lock";
			outputFileListPaths = (
			);
			outputPaths = (
				"$(DERIVED_FILE_DIR)/Pods-receitas-jacquenanTests-checkManifestLockResult.txt",
			);
			runOnlyForDeploymentPostprocessing = 0;
			shellPath = /bin/sh;
			shellScript = "diff \"${PODS_PODFILE_DIR_PATH}/Podfile.lock\" \"${PODS_ROOT}/Manifest.lock\" > /dev/null\nif [ $? != 0 ] ; then\n    # print error to STDERR\n    echo \"error: The sandbox is not in sync with the Podfile.lock. Run 'pod install' or update your CocoaPods installation.\" >&2\n    exit 1\nfi\n# This output is used by Xcode 'outputs' to avoid re-running this script phase.\necho \"SUCCESS\" > \"${SCRIPT_OUTPUT_FILE_0}\"\n";
			showEnvVarsInLog = 0;
		};
		1736F0092368746E007A2B88 /* SwiftLint */ = {
			isa = PBXShellScriptBuildPhase;
			buildActionMask = 2147483647;
			files = (
			);
			inputFileListPaths = (
			);
			inputPaths = (
			);
			name = SwiftLint;
			outputFileListPaths = (
			);
			outputPaths = (
			);
			runOnlyForDeploymentPostprocessing = 0;
			shellPath = /bin/sh;
			shellScript = "\"${PODS_ROOT}/SwiftLint/swiftlint\"\n";
		};
		34FF127AFAFB062392611DC2 /* [CP] Check Pods Manifest.lock */ = {
			isa = PBXShellScriptBuildPhase;
			buildActionMask = 2147483647;
			files = (
			);
			inputFileListPaths = (
			);
			inputPaths = (
				"${PODS_PODFILE_DIR_PATH}/Podfile.lock",
				"${PODS_ROOT}/Manifest.lock",
			);
			name = "[CP] Check Pods Manifest.lock";
			outputFileListPaths = (
			);
			outputPaths = (
				"$(DERIVED_FILE_DIR)/Pods-receitas-jacquenan-checkManifestLockResult.txt",
			);
			runOnlyForDeploymentPostprocessing = 0;
			shellPath = /bin/sh;
			shellScript = "diff \"${PODS_PODFILE_DIR_PATH}/Podfile.lock\" \"${PODS_ROOT}/Manifest.lock\" > /dev/null\nif [ $? != 0 ] ; then\n    # print error to STDERR\n    echo \"error: The sandbox is not in sync with the Podfile.lock. Run 'pod install' or update your CocoaPods installation.\" >&2\n    exit 1\nfi\n# This output is used by Xcode 'outputs' to avoid re-running this script phase.\necho \"SUCCESS\" > \"${SCRIPT_OUTPUT_FILE_0}\"\n";
			showEnvVarsInLog = 0;
		};
		C5943DADC47517CFAB3157BA /* [CP] Check Pods Manifest.lock */ = {
			isa = PBXShellScriptBuildPhase;
			buildActionMask = 2147483647;
			files = (
			);
			inputFileListPaths = (
			);
			inputPaths = (
				"${PODS_PODFILE_DIR_PATH}/Podfile.lock",
				"${PODS_ROOT}/Manifest.lock",
			);
			name = "[CP] Check Pods Manifest.lock";
			outputFileListPaths = (
			);
			outputPaths = (
				"$(DERIVED_FILE_DIR)/Pods-receitas-jacquenan-receitas-jacquenanUITests-checkManifestLockResult.txt",
			);
			runOnlyForDeploymentPostprocessing = 0;
			shellPath = /bin/sh;
			shellScript = "diff \"${PODS_PODFILE_DIR_PATH}/Podfile.lock\" \"${PODS_ROOT}/Manifest.lock\" > /dev/null\nif [ $? != 0 ] ; then\n    # print error to STDERR\n    echo \"error: The sandbox is not in sync with the Podfile.lock. Run 'pod install' or update your CocoaPods installation.\" >&2\n    exit 1\nfi\n# This output is used by Xcode 'outputs' to avoid re-running this script phase.\necho \"SUCCESS\" > \"${SCRIPT_OUTPUT_FILE_0}\"\n";
			showEnvVarsInLog = 0;
		};
/* End PBXShellScriptBuildPhase section */

/* Begin PBXSourcesBuildPhase section */
		1736EFD223687394007A2B88 /* Sources */ = {
			isa = PBXSourcesBuildPhase;
			buildActionMask = 2147483647;
			files = (
				1736EFDA23687394007A2B88 /* AppDelegate.swift in Sources */,
				1736EFDC23687394007A2B88 /* SceneDelegate.swift in Sources */,
				1736EFDE23687394007A2B88 /* ContentView.swift in Sources */,
			);
			runOnlyForDeploymentPostprocessing = 0;
		};
		1736EFE823687394007A2B88 /* Sources */ = {
			isa = PBXSourcesBuildPhase;
			buildActionMask = 2147483647;
			files = (
				1736EFF123687394007A2B88 /* receitas_jacquenanTests.swift in Sources */,
			);
			runOnlyForDeploymentPostprocessing = 0;
		};
		1736EFF323687394007A2B88 /* Sources */ = {
			isa = PBXSourcesBuildPhase;
			buildActionMask = 2147483647;
			files = (
				1736EFFC23687395007A2B88 /* receitas_jacquenanUITests.swift in Sources */,
			);
			runOnlyForDeploymentPostprocessing = 0;
		};
/* End PBXSourcesBuildPhase section */

/* Begin PBXTargetDependency section */
		1736EFEE23687394007A2B88 /* PBXTargetDependency */ = {
			isa = PBXTargetDependency;
			target = 1736EFD523687394007A2B88 /* receitas-jacquenan */;
			targetProxy = 1736EFED23687394007A2B88 /* PBXContainerItemProxy */;
		};
		1736EFF923687394007A2B88 /* PBXTargetDependency */ = {
			isa = PBXTargetDependency;
			target = 1736EFD523687394007A2B88 /* receitas-jacquenan */;
			targetProxy = 1736EFF823687394007A2B88 /* PBXContainerItemProxy */;
		};
/* End PBXTargetDependency section */

/* Begin PBXVariantGroup section */
		1736EFE423687394007A2B88 /* LaunchScreen.storyboard */ = {
			isa = PBXVariantGroup;
			children = (
				1736EFE523687394007A2B88 /* Base */,
			);
			name = LaunchScreen.storyboard;
			sourceTree = "<group>";
		};
/* End PBXVariantGroup section */

/* Begin XCBuildConfiguration section */
		1736EFFE23687395007A2B88 /* Debug */ = {
			isa = XCBuildConfiguration;
			buildSettings = {
				ALWAYS_SEARCH_USER_PATHS = NO;
				CLANG_ANALYZER_NONNULL = YES;
				CLANG_ANALYZER_NUMBER_OBJECT_CONVERSION = YES_AGGRESSIVE;
				CLANG_CXX_LANGUAGE_STANDARD = "gnu++14";
				CLANG_CXX_LIBRARY = "libc++";
				CLANG_ENABLE_MODULES = YES;
				CLANG_ENABLE_OBJC_ARC = YES;
				CLANG_ENABLE_OBJC_WEAK = YES;
				CLANG_WARN_BLOCK_CAPTURE_AUTORELEASING = YES;
				CLANG_WARN_BOOL_CONVERSION = YES;
				CLANG_WARN_COMMA = YES;
				CLANG_WARN_CONSTANT_CONVERSION = YES;
				CLANG_WARN_DEPRECATED_OBJC_IMPLEMENTATIONS = YES;
				CLANG_WARN_DIRECT_OBJC_ISA_USAGE = YES_ERROR;
				CLANG_WARN_DOCUMENTATION_COMMENTS = YES;
				CLANG_WARN_EMPTY_BODY = YES;
				CLANG_WARN_ENUM_CONVERSION = YES;
				CLANG_WARN_INFINITE_RECURSION = YES;
				CLANG_WARN_INT_CONVERSION = YES;
				CLANG_WARN_NON_LITERAL_NULL_CONVERSION = YES;
				CLANG_WARN_OBJC_IMPLICIT_RETAIN_SELF = YES;
				CLANG_WARN_OBJC_LITERAL_CONVERSION = YES;
				CLANG_WARN_OBJC_ROOT_CLASS = YES_ERROR;
				CLANG_WARN_RANGE_LOOP_ANALYSIS = YES;
				CLANG_WARN_STRICT_PROTOTYPES = YES;
				CLANG_WARN_SUSPICIOUS_MOVE = YES;
				CLANG_WARN_UNGUARDED_AVAILABILITY = YES_AGGRESSIVE;
				CLANG_WARN_UNREACHABLE_CODE = YES;
				CLANG_WARN__DUPLICATE_METHOD_MATCH = YES;
				COPY_PHASE_STRIP = NO;
				DEBUG_INFORMATION_FORMAT = dwarf;
				ENABLE_STRICT_OBJC_MSGSEND = YES;
				ENABLE_TESTABILITY = YES;
				GCC_C_LANGUAGE_STANDARD = gnu11;
				GCC_DYNAMIC_NO_PIC = NO;
				GCC_NO_COMMON_BLOCKS = YES;
				GCC_OPTIMIZATION_LEVEL = 0;
				GCC_PREPROCESSOR_DEFINITIONS = (
					"DEBUG=1",
					"$(inherited)",
				);
				GCC_WARN_64_TO_32_BIT_CONVERSION = YES;
				GCC_WARN_ABOUT_RETURN_TYPE = YES_ERROR;
				GCC_WARN_UNDECLARED_SELECTOR = YES;
				GCC_WARN_UNINITIALIZED_AUTOS = YES_AGGRESSIVE;
				GCC_WARN_UNUSED_FUNCTION = YES;
				GCC_WARN_UNUSED_VARIABLE = YES;
				IPHONEOS_DEPLOYMENT_TARGET = 13.0;
				MTL_ENABLE_DEBUG_INFO = INCLUDE_SOURCE;
				MTL_FAST_MATH = YES;
				ONLY_ACTIVE_ARCH = YES;
				SDKROOT = iphoneos;
				SWIFT_ACTIVE_COMPILATION_CONDITIONS = DEBUG;
				SWIFT_OPTIMIZATION_LEVEL = "-Onone";
			};
			name = Debug;
		};
		1736EFFF23687395007A2B88 /* Release */ = {
			isa = XCBuildConfiguration;
			buildSettings = {
				ALWAYS_SEARCH_USER_PATHS = NO;
				CLANG_ANALYZER_NONNULL = YES;
				CLANG_ANALYZER_NUMBER_OBJECT_CONVERSION = YES_AGGRESSIVE;
				CLANG_CXX_LANGUAGE_STANDARD = "gnu++14";
				CLANG_CXX_LIBRARY = "libc++";
				CLANG_ENABLE_MODULES = YES;
				CLANG_ENABLE_OBJC_ARC = YES;
				CLANG_ENABLE_OBJC_WEAK = YES;
				CLANG_WARN_BLOCK_CAPTURE_AUTORELEASING = YES;
				CLANG_WARN_BOOL_CONVERSION = YES;
				CLANG_WARN_COMMA = YES;
				CLANG_WARN_CONSTANT_CONVERSION = YES;
				CLANG_WARN_DEPRECATED_OBJC_IMPLEMENTATIONS = YES;
				CLANG_WARN_DIRECT_OBJC_ISA_USAGE = YES_ERROR;
				CLANG_WARN_DOCUMENTATION_COMMENTS = YES;
				CLANG_WARN_EMPTY_BODY = YES;
				CLANG_WARN_ENUM_CONVERSION = YES;
				CLANG_WARN_INFINITE_RECURSION = YES;
				CLANG_WARN_INT_CONVERSION = YES;
				CLANG_WARN_NON_LITERAL_NULL_CONVERSION = YES;
				CLANG_WARN_OBJC_IMPLICIT_RETAIN_SELF = YES;
				CLANG_WARN_OBJC_LITERAL_CONVERSION = YES;
				CLANG_WARN_OBJC_ROOT_CLASS = YES_ERROR;
				CLANG_WARN_RANGE_LOOP_ANALYSIS = YES;
				CLANG_WARN_STRICT_PROTOTYPES = YES;
				CLANG_WARN_SUSPICIOUS_MOVE = YES;
				CLANG_WARN_UNGUARDED_AVAILABILITY = YES_AGGRESSIVE;
				CLANG_WARN_UNREACHABLE_CODE = YES;
				CLANG_WARN__DUPLICATE_METHOD_MATCH = YES;
				COPY_PHASE_STRIP = NO;
				DEBUG_INFORMATION_FORMAT = "dwarf-with-dsym";
				ENABLE_NS_ASSERTIONS = NO;
				ENABLE_STRICT_OBJC_MSGSEND = YES;
				GCC_C_LANGUAGE_STANDARD = gnu11;
				GCC_NO_COMMON_BLOCKS = YES;
				GCC_WARN_64_TO_32_BIT_CONVERSION = YES;
				GCC_WARN_ABOUT_RETURN_TYPE = YES_ERROR;
				GCC_WARN_UNDECLARED_SELECTOR = YES;
				GCC_WARN_UNINITIALIZED_AUTOS = YES_AGGRESSIVE;
				GCC_WARN_UNUSED_FUNCTION = YES;
				GCC_WARN_UNUSED_VARIABLE = YES;
				IPHONEOS_DEPLOYMENT_TARGET = 13.0;
				MTL_ENABLE_DEBUG_INFO = NO;
				MTL_FAST_MATH = YES;
				SDKROOT = iphoneos;
				SWIFT_COMPILATION_MODE = wholemodule;
				SWIFT_OPTIMIZATION_LEVEL = "-O";
				VALIDATE_PRODUCT = YES;
			};
			name = Release;
		};
		1736F00123687395007A2B88 /* Debug */ = {
			isa = XCBuildConfiguration;
			baseConfigurationReference = 4EB704C6D13C860D60E613D9 /* Pods-receitas-jacquenan.debug.xcconfig */;
			buildSettings = {
				ASSETCATALOG_COMPILER_APPICON_NAME = AppIcon;
				CODE_SIGN_STYLE = Automatic;
				DEVELOPMENT_ASSET_PATHS = "\"receitas-jacquenan/Preview Content\"";
				DEVELOPMENT_TEAM = 9554U789HP;
				ENABLE_PREVIEWS = YES;
				INFOPLIST_FILE = "receitas-jacquenan/Info.plist";
				LD_RUNPATH_SEARCH_PATHS = (
					"$(inherited)",
					"@executable_path/Frameworks",
				);
				PRODUCT_BUNDLE_IDENTIFIER = "jacquenan.receitas-jacquenan";
				PRODUCT_NAME = "$(TARGET_NAME)";
				SWIFT_VERSION = 5.0;
				TARGETED_DEVICE_FAMILY = "1,2";
			};
			name = Debug;
		};
		1736F00223687395007A2B88 /* Release */ = {
			isa = XCBuildConfiguration;
			baseConfigurationReference = 248E28559E102DD49BB9715B /* Pods-receitas-jacquenan.release.xcconfig */;
			buildSettings = {
				ASSETCATALOG_COMPILER_APPICON_NAME = AppIcon;
				CODE_SIGN_STYLE = Automatic;
				DEVELOPMENT_ASSET_PATHS = "\"receitas-jacquenan/Preview Content\"";
				DEVELOPMENT_TEAM = 9554U789HP;
				ENABLE_PREVIEWS = YES;
				INFOPLIST_FILE = "receitas-jacquenan/Info.plist";
				LD_RUNPATH_SEARCH_PATHS = (
					"$(inherited)",
					"@executable_path/Frameworks",
				);
				PRODUCT_BUNDLE_IDENTIFIER = "jacquenan.receitas-jacquenan";
				PRODUCT_NAME = "$(TARGET_NAME)";
				SWIFT_VERSION = 5.0;
				TARGETED_DEVICE_FAMILY = "1,2";
			};
			name = Release;
		};
		1736F00423687395007A2B88 /* Debug */ = {
			isa = XCBuildConfiguration;
			baseConfigurationReference = A827672ABD477458F3FF4CB7 /* Pods-receitas-jacquenanTests.debug.xcconfig */;
			buildSettings = {
				ALWAYS_EMBED_SWIFT_STANDARD_LIBRARIES = YES;
				BUNDLE_LOADER = "$(TEST_HOST)";
				CODE_SIGN_STYLE = Automatic;
				DEVELOPMENT_TEAM = 9554U789HP;
				INFOPLIST_FILE = "receitas-jacquenanTests/Info.plist";
				IPHONEOS_DEPLOYMENT_TARGET = 13.0;
				LD_RUNPATH_SEARCH_PATHS = (
					"$(inherited)",
					"@executable_path/Frameworks",
					"@loader_path/Frameworks",
				);
				PRODUCT_BUNDLE_IDENTIFIER = "jacquenan.receitas-jacquenanTests";
				PRODUCT_NAME = "$(TARGET_NAME)";
				SWIFT_VERSION = 5.0;
				TARGETED_DEVICE_FAMILY = "1,2";
				TEST_HOST = "$(BUILT_PRODUCTS_DIR)/receitas-jacquenan.app/receitas-jacquenan";
			};
			name = Debug;
		};
		1736F00523687395007A2B88 /* Release */ = {
			isa = XCBuildConfiguration;
			baseConfigurationReference = 247EC5F366D649BFA0AB32F2 /* Pods-receitas-jacquenanTests.release.xcconfig */;
			buildSettings = {
				ALWAYS_EMBED_SWIFT_STANDARD_LIBRARIES = YES;
				BUNDLE_LOADER = "$(TEST_HOST)";
				CODE_SIGN_STYLE = Automatic;
				DEVELOPMENT_TEAM = 9554U789HP;
				INFOPLIST_FILE = "receitas-jacquenanTests/Info.plist";
				IPHONEOS_DEPLOYMENT_TARGET = 13.0;
				LD_RUNPATH_SEARCH_PATHS = (
					"$(inherited)",
					"@executable_path/Frameworks",
					"@loader_path/Frameworks",
				);
				PRODUCT_BUNDLE_IDENTIFIER = "jacquenan.receitas-jacquenanTests";
				PRODUCT_NAME = "$(TARGET_NAME)";
				SWIFT_VERSION = 5.0;
				TARGETED_DEVICE_FAMILY = "1,2";
				TEST_HOST = "$(BUILT_PRODUCTS_DIR)/receitas-jacquenan.app/receitas-jacquenan";
			};
			name = Release;
		};
		1736F00723687395007A2B88 /* Debug */ = {
			isa = XCBuildConfiguration;
			baseConfigurationReference = BF138A9348F08EE13D6DEFFE /* Pods-receitas-jacquenan-receitas-jacquenanUITests.debug.xcconfig */;
			buildSettings = {
				ALWAYS_EMBED_SWIFT_STANDARD_LIBRARIES = YES;
				CODE_SIGN_STYLE = Automatic;
				DEVELOPMENT_TEAM = 9554U789HP;
				INFOPLIST_FILE = "receitas-jacquenanUITests/Info.plist";
				LD_RUNPATH_SEARCH_PATHS = (
					"$(inherited)",
					"@executable_path/Frameworks",
					"@loader_path/Frameworks",
				);
				PRODUCT_BUNDLE_IDENTIFIER = "jacquenan.receitas-jacquenanUITests";
				PRODUCT_NAME = "$(TARGET_NAME)";
				SWIFT_VERSION = 5.0;
				TARGETED_DEVICE_FAMILY = "1,2";
				TEST_TARGET_NAME = "receitas-jacquenan";
			};
			name = Debug;
		};
		1736F00823687395007A2B88 /* Release */ = {
			isa = XCBuildConfiguration;
			baseConfigurationReference = 467AE5B3D4B2FB4F12E98B1C /* Pods-receitas-jacquenan-receitas-jacquenanUITests.release.xcconfig */;
			buildSettings = {
				ALWAYS_EMBED_SWIFT_STANDARD_LIBRARIES = YES;
				CODE_SIGN_STYLE = Automatic;
				DEVELOPMENT_TEAM = 9554U789HP;
				INFOPLIST_FILE = "receitas-jacquenanUITests/Info.plist";
				LD_RUNPATH_SEARCH_PATHS = (
					"$(inherited)",
					"@executable_path/Frameworks",
					"@loader_path/Frameworks",
				);
				PRODUCT_BUNDLE_IDENTIFIER = "jacquenan.receitas-jacquenanUITests";
				PRODUCT_NAME = "$(TARGET_NAME)";
				SWIFT_VERSION = 5.0;
				TARGETED_DEVICE_FAMILY = "1,2";
				TEST_TARGET_NAME = "receitas-jacquenan";
			};
			name = Release;
		};
/* End XCBuildConfiguration section */

/* Begin XCConfigurationList section */
		1736EFD123687394007A2B88 /* Build configuration list for PBXProject "receitas-jacquenan" */ = {
			isa = XCConfigurationList;
			buildConfigurations = (
				1736EFFE23687395007A2B88 /* Debug */,
				1736EFFF23687395007A2B88 /* Release */,
			);
			defaultConfigurationIsVisible = 0;
			defaultConfigurationName = Release;
		};
		1736F00023687395007A2B88 /* Build configuration list for PBXNativeTarget "receitas-jacquenan" */ = {
			isa = XCConfigurationList;
			buildConfigurations = (
				1736F00123687395007A2B88 /* Debug */,
				1736F00223687395007A2B88 /* Release */,
			);
			defaultConfigurationIsVisible = 0;
			defaultConfigurationName = Release;
		};
		1736F00323687395007A2B88 /* Build configuration list for PBXNativeTarget "receitas-jacquenanTests" */ = {
			isa = XCConfigurationList;
			buildConfigurations = (
				1736F00423687395007A2B88 /* Debug */,
				1736F00523687395007A2B88 /* Release */,
			);
			defaultConfigurationIsVisible = 0;
			defaultConfigurationName = Release;
		};
		1736F00623687395007A2B88 /* Build configuration list for PBXNativeTarget "receitas-jacquenanUITests" */ = {
			isa = XCConfigurationList;
			buildConfigurations = (
				1736F00723687395007A2B88 /* Debug */,
				1736F00823687395007A2B88 /* Release */,
			);
			defaultConfigurationIsVisible = 0;
			defaultConfigurationName = Release;
		};
/* End XCConfigurationList section */
	};
	rootObject = 1736EFCE23687394007A2B88 /* Project object */;
}
